
Microsoft Visual Studio Solution File, Format Version 12.00
# Visual Studio Version 16
VisualStudioVersion = 16.0.32630.194
MinimumVisualStudioVersion = 10.0.40219.1
Project("{FAE04EC0-301F-11D3-BF4B-00C04F79EFBC}") = "SchemaNote_11170_(2)", "SchemaNote_11170_(2)\SchemaNote_11170_(2).csproj", "{39B9F159-E8A2-4C5C-8531-E89DA27BFC69}"
EndProject
Project("{FAE04EC0-301F-11D3-BF4B-00C04F79EFBC}") = "SchemaNote_11169", "SchemaNote_11169\SchemaNote_11169.csproj", "{345EE804-A149-4BEA-96B7-8FF803E0DB28}"
EndProject
Project("{FAE04EC0-301F-11D3-BF4B-00C04F79EFBC}") = "SchemaNote_11169_(2)", "SchemaNote_11169_(2)\SchemaNote_11169_(2).csproj", "{B6823272-CBA6-47F1-9606-DBBEB0F20A3D}"
EndProject
Project("{FAE04EC0-301F-11D3-BF4B-00C04F79EFBC}") = "SchemaNotes_11168(v2)", "SchemaNotes_11168(v2)\SchemaNotes_11168(v2).csproj", "{DC318AE1-1BFC-4183-B1BF-09AF235FCA3A}"
EndProject
Global
	GlobalSection(SolutionConfigurationPlatforms) = preSolution
		Debug|Any CPU = Debug|Any CPU
		Release|Any CPU = Release|Any CPU
	EndGlobalSection
	GlobalSection(ProjectConfigurationPlatforms) = postSolution
		{39B9F159-E8A2-4C5C-8531-E89DA27BFC69}.Debug|Any CPU.ActiveCfg = Debug|Any CPU
		{39B9F159-E8A2-4C5C-8531-E89DA27BFC69}.Debug|Any CPU.Build.0 = Debug|Any CPU
		{39B9F159-E8A2-4C5C-8531-E89DA27BFC69}.Release|Any CPU.ActiveCfg = Release|Any CPU
		{39B9F159-E8A2-4C5C-8531-E89DA27BFC69}.Release|Any CPU.Build.0 = Release|Any CPU
		{345EE804-A149-4BEA-96B7-8FF803E0DB28}.Debug|Any CPU.ActiveCfg = Debug|Any CPU
		{345EE804-A149-4BEA-96B7-8FF803E0DB28}.Debug|Any CPU.Build.0 = Debug|Any CPU
		{345EE804-A149-4BEA-96B7-8FF803E0DB28}.Release|Any CPU.ActiveCfg = Release|Any CPU
		{345EE804-A149-4BEA-96B7-8FF803E0DB28}.Release|Any CPU.Build.0 = Release|Any CPU
		{B6823272-CBA6-47F1-9606-DBBEB0F20A3D}.Debug|Any CPU.ActiveCfg = Debug|Any CPU
		{B6823272-CBA6-47F1-9606-DBBEB0F20A3D}.Debug|Any CPU.Build.0 = Debug|Any CPU
		{B6823272-CBA6-47F1-9606-DBBEB0F20A3D}.Release|Any CPU.ActiveCfg = Release|Any CPU
		{B6823272-CBA6-47F1-9606-DBBEB0F20A3D}.Release|Any CPU.Build.0 = Release|Any CPU
		{DC318AE1-1BFC-4183-B1BF-09AF235FCA3A}.Debug|Any CPU.ActiveCfg = Debug|Any CPU
		{DC318AE1-1BFC-4183-B1BF-09AF235FCA3A}.Debug|Any CPU.Build.0 = Debug|Any CPU
		{DC318AE1-1BFC-4183-B1BF-09AF235FCA3A}.Release|Any CPU.ActiveCfg = Release|Any CPU
		{DC318AE1-1BFC-4183-B1BF-09AF235FCA3A}.Release|Any CPU.Build.0 = Release|Any CPU
	EndGlobalSection
	GlobalSection(SolutionProperties) = preSolution
		HideSolutionNode = FALSE
	EndGlobalSection
	GlobalSection(ExtensibilityGlobals) = postSolution
		SolutionGuid = {B5EFA40F-458E-404D-969C-DEC4DA010381}
	EndGlobalSection
EndGlobal
