
Microsoft Visual Studio Solution File, Format Version 12.00
# Visual Studio Version 16
VisualStudioVersion = 16.0.32630.194
MinimumVisualStudioVersion = 10.0.40219.1
Project("{9A19103F-16F7-4668-BE54-9A1E7A4F7556}") = "Airiti_msit_141", "Airiti_msit_141\Airiti_msit_141.csproj", "{870A9FAC-2D95-486F-A9FC-0431735E9439}"
EndProject
Project("{FAE04EC0-301F-11D3-BF4B-00C04F79EFBC}") = "SchemaNotes_11168", "SchemaNotes_11168\SchemaNotes_11168.csproj", "{D6A5CAD5-F1A5-4724-92F0-70B825E00027}"
EndProject
Global
	GlobalSection(SolutionConfigurationPlatforms) = preSolution
		Debug|Any CPU = Debug|Any CPU
		Release|Any CPU = Release|Any CPU
	EndGlobalSection
	GlobalSection(ProjectConfigurationPlatforms) = postSolution
		{870A9FAC-2D95-486F-A9FC-0431735E9439}.Debug|Any CPU.ActiveCfg = Debug|Any CPU
		{870A9FAC-2D95-486F-A9FC-0431735E9439}.Debug|Any CPU.Build.0 = Debug|Any CPU
		{870A9FAC-2D95-486F-A9FC-0431735E9439}.Release|Any CPU.ActiveCfg = Release|Any CPU
		{870A9FAC-2D95-486F-A9FC-0431735E9439}.Release|Any CPU.Build.0 = Release|Any CPU
		{D6A5CAD5-F1A5-4724-92F0-70B825E00027}.Debug|Any CPU.ActiveCfg = Debug|Any CPU
		{D6A5CAD5-F1A5-4724-92F0-70B825E00027}.Debug|Any CPU.Build.0 = Debug|Any CPU
		{D6A5CAD5-F1A5-4724-92F0-70B825E00027}.Release|Any CPU.ActiveCfg = Release|Any CPU
		{D6A5CAD5-F1A5-4724-92F0-70B825E00027}.Release|Any CPU.Build.0 = Release|Any CPU
	EndGlobalSection
	GlobalSection(SolutionProperties) = preSolution
		HideSolutionNode = FALSE
	EndGlobalSection
	GlobalSection(ExtensibilityGlobals) = postSolution
		SolutionGuid = {B5EFA40F-458E-404D-969C-DEC4DA010381}
	EndGlobalSection
EndGlobal
